// !$*UTF8*$!
{
	archiveVersion = 1;
	classes = {
	};
	objectVersion = 46;
	objects = {

/* Begin PBXBuildFile section */
		4228DBCE1D9DFFBA005342F9 /* SignInVC.swift in Sources */ = {isa = PBXBuildFile; fileRef = 4228DBCD1D9DFFBA005342F9 /* SignInVC.swift */; };
		4251310D1D9DF77600CAC5CF /* AppDelegate.swift in Sources */ = {isa = PBXBuildFile; fileRef = 4251310C1D9DF77600CAC5CF /* AppDelegate.swift */; };
		4251310F1D9DF77600CAC5CF /* HomeVC.swift in Sources */ = {isa = PBXBuildFile; fileRef = 4251310E1D9DF77600CAC5CF /* HomeVC.swift */; };
		425131111D9DF77600CAC5CF /* CameraVC.swift in Sources */ = {isa = PBXBuildFile; fileRef = 425131101D9DF77600CAC5CF /* CameraVC.swift */; };
		425131141D9DF77600CAC5CF /* Main.storyboard in Resources */ = {isa = PBXBuildFile; fileRef = 425131121D9DF77600CAC5CF /* Main.storyboard */; };
		425131161D9DF77600CAC5CF /* Assets.xcassets in Resources */ = {isa = PBXBuildFile; fileRef = 425131151D9DF77600CAC5CF /* Assets.xcassets */; };
		425131191D9DF77600CAC5CF /* LaunchScreen.storyboard in Resources */ = {isa = PBXBuildFile; fileRef = 425131171D9DF77600CAC5CF /* LaunchScreen.storyboard */; };
		425131241D9DF77600CAC5CF /* ShineTests.swift in Sources */ = {isa = PBXBuildFile; fileRef = 425131231D9DF77600CAC5CF /* ShineTests.swift */; };
		4251312F1D9DF77600CAC5CF /* ShineUITests.swift in Sources */ = {isa = PBXBuildFile; fileRef = 4251312E1D9DF77600CAC5CF /* ShineUITests.swift */; };
		425B99DF1D9F17760056B75F /* ProgressHUD.bundle in Resources */ = {isa = PBXBuildFile; fileRef = 425B99DC1D9F17760056B75F /* ProgressHUD.bundle */; };
		425B99E01D9F17760056B75F /* ProgressHUD.m in Sources */ = {isa = PBXBuildFile; fileRef = 425B99DE1D9F17760056B75F /* ProgressHUD.m */; };
		425D1DB31DA0BB3C006C89D3 /* Circleimage.swift in Sources */ = {isa = PBXBuildFile; fileRef = 425D1DB21DA0BB3C006C89D3 /* Circleimage.swift */; };
		425D1DB51DA0C223006C89D3 /* PostCell.swift in Sources */ = {isa = PBXBuildFile; fileRef = 425D1DB41DA0C223006C89D3 /* PostCell.swift */; };
		4290753C1D9DFD2F00A5A776 /* GoogleService-Info.plist in Resources */ = {isa = PBXBuildFile; fileRef = 4290753B1D9DFD2F00A5A776 /* GoogleService-Info.plist */; };
		429FFBCC1DA07CE200EBD908 /* ProfileVC.swift in Sources */ = {isa = PBXBuildFile; fileRef = 429FFBCB1DA07CE200EBD908 /* ProfileVC.swift */; };
		429FFBCE1DA07D0500EBD908 /* LikesVC.swift in Sources */ = {isa = PBXBuildFile; fileRef = 429FFBCD1DA07D0500EBD908 /* LikesVC.swift */; };
		42A3DA821DA1634000380439 /* DataService.swift in Sources */ = {isa = PBXBuildFile; fileRef = 42A3DA811DA1634000380439 /* DataService.swift */; };
		42A3DA851DA1939900380439 /* Post.swift in Sources */ = {isa = PBXBuildFile; fileRef = 42A3DA841DA1939900380439 /* Post.swift */; };
		42C5C82B1D9E9C4A00ADD21B /* MaterialButton.swift in Sources */ = {isa = PBXBuildFile; fileRef = 42C5C82A1D9E9C4A00ADD21B /* MaterialButton.swift */; };
		42C5C82D1D9E9C5A00ADD21B /* MaterialView.swift in Sources */ = {isa = PBXBuildFile; fileRef = 42C5C82C1D9E9C5A00ADD21B /* MaterialView.swift */; };
		42C5C82F1D9E9C8800ADD21B /* MaterialTextField.swift in Sources */ = {isa = PBXBuildFile; fileRef = 42C5C82E1D9E9C8800ADD21B /* MaterialTextField.swift */; };
		42C5C8321D9E9CC900ADD21B /* Constants.swift in Sources */ = {isa = PBXBuildFile; fileRef = 42C5C8311D9E9CC900ADD21B /* Constants.swift */; };
		A813BC918F4FEED3AB75DBE2 /* Pods_Shine.framework in Frameworks */ = {isa = PBXBuildFile; fileRef = 2B7A8DAD10ED6B5833324511 /* Pods_Shine.framework */; };
/* End PBXBuildFile section */

/* Begin PBXContainerItemProxy section */
		425131201D9DF77600CAC5CF /* PBXContainerItemProxy */ = {
			isa = PBXContainerItemProxy;
			containerPortal = 425131011D9DF77600CAC5CF /* Project object */;
			proxyType = 1;
			remoteGlobalIDString = 425131081D9DF77600CAC5CF;
			remoteInfo = Shine;
		};
		4251312B1D9DF77600CAC5CF /* PBXContainerItemProxy */ = {
			isa = PBXContainerItemProxy;
			containerPortal = 425131011D9DF77600CAC5CF /* Project object */;
			proxyType = 1;
			remoteGlobalIDString = 425131081D9DF77600CAC5CF;
			remoteInfo = Shine;
		};
/* End PBXContainerItemProxy section */

/* Begin PBXFileReference section */
		17EFD00912F94E373137DF7D /* Pods-Shine.debug.xcconfig */ = {isa = PBXFileReference; includeInIndex = 1; lastKnownFileType = text.xcconfig; name = "Pods-Shine.debug.xcconfig"; path = "Pods/Target Support Files/Pods-Shine/Pods-Shine.debug.xcconfig"; sourceTree = "<group>"; };
		2B7A8DAD10ED6B5833324511 /* Pods_Shine.framework */ = {isa = PBXFileReference; explicitFileType = wrapper.framework; includeInIndex = 0; path = Pods_Shine.framework; sourceTree = BUILT_PRODUCTS_DIR; };
		40F4102751D113EA57AE8CFB /* Pods_ShineTests.framework */ = {isa = PBXFileReference; explicitFileType = wrapper.framework; includeInIndex = 0; path = Pods_ShineTests.framework; sourceTree = BUILT_PRODUCTS_DIR; };
		4228DBCD1D9DFFBA005342F9 /* SignInVC.swift */ = {isa = PBXFileReference; fileEncoding = 4; lastKnownFileType = sourcecode.swift; path = SignInVC.swift; sourceTree = "<group>"; };
		425131091D9DF77600CAC5CF /* Shine.app */ = {isa = PBXFileReference; explicitFileType = wrapper.application; includeInIndex = 0; path = Shine.app; sourceTree = BUILT_PRODUCTS_DIR; };
		4251310C1D9DF77600CAC5CF /* AppDelegate.swift */ = {isa = PBXFileReference; lastKnownFileType = sourcecode.swift; path = AppDelegate.swift; sourceTree = "<group>"; };
		4251310E1D9DF77600CAC5CF /* HomeVC.swift */ = {isa = PBXFileReference; lastKnownFileType = sourcecode.swift; path = HomeVC.swift; sourceTree = "<group>"; };
		425131101D9DF77600CAC5CF /* CameraVC.swift */ = {isa = PBXFileReference; lastKnownFileType = sourcecode.swift; path = CameraVC.swift; sourceTree = "<group>"; };
		425131131D9DF77600CAC5CF /* Base */ = {isa = PBXFileReference; lastKnownFileType = file.storyboard; name = Base; path = Base.lproj/Main.storyboard; sourceTree = "<group>"; };
		425131151D9DF77600CAC5CF /* Assets.xcassets */ = {isa = PBXFileReference; lastKnownFileType = folder.assetcatalog; path = Assets.xcassets; sourceTree = "<group>"; };
		425131181D9DF77600CAC5CF /* Base */ = {isa = PBXFileReference; lastKnownFileType = file.storyboard; name = Base; path = Base.lproj/LaunchScreen.storyboard; sourceTree = "<group>"; };
		4251311A1D9DF77600CAC5CF /* Info.plist */ = {isa = PBXFileReference; lastKnownFileType = text.plist.xml; path = Info.plist; sourceTree = "<group>"; };
		4251311F1D9DF77600CAC5CF /* ShineTests.xctest */ = {isa = PBXFileReference; explicitFileType = wrapper.cfbundle; includeInIndex = 0; path = ShineTests.xctest; sourceTree = BUILT_PRODUCTS_DIR; };
		425131231D9DF77600CAC5CF /* ShineTests.swift */ = {isa = PBXFileReference; lastKnownFileType = sourcecode.swift; path = ShineTests.swift; sourceTree = "<group>"; };
		425131251D9DF77600CAC5CF /* Info.plist */ = {isa = PBXFileReference; lastKnownFileType = text.plist.xml; path = Info.plist; sourceTree = "<group>"; };
		4251312A1D9DF77600CAC5CF /* ShineUITests.xctest */ = {isa = PBXFileReference; explicitFileType = wrapper.cfbundle; includeInIndex = 0; path = ShineUITests.xctest; sourceTree = BUILT_PRODUCTS_DIR; };
		4251312E1D9DF77600CAC5CF /* ShineUITests.swift */ = {isa = PBXFileReference; lastKnownFileType = sourcecode.swift; path = ShineUITests.swift; sourceTree = "<group>"; };
		425131301D9DF77600CAC5CF /* Info.plist */ = {isa = PBXFileReference; lastKnownFileType = text.plist.xml; path = Info.plist; sourceTree = "<group>"; };
		425B99DB1D9F17750056B75F /* Shine-Bridging-Header.h */ = {isa = PBXFileReference; lastKnownFileType = sourcecode.c.h; path = "Shine-Bridging-Header.h"; sourceTree = "<group>"; };
		425B99DC1D9F17760056B75F /* ProgressHUD.bundle */ = {isa = PBXFileReference; lastKnownFileType = "wrapper.plug-in"; path = ProgressHUD.bundle; sourceTree = "<group>"; };
		425B99DD1D9F17760056B75F /* ProgressHUD.h */ = {isa = PBXFileReference; fileEncoding = 4; lastKnownFileType = sourcecode.c.h; path = ProgressHUD.h; sourceTree = "<group>"; };
		425B99DE1D9F17760056B75F /* ProgressHUD.m */ = {isa = PBXFileReference; fileEncoding = 4; lastKnownFileType = sourcecode.c.objc; path = ProgressHUD.m; sourceTree = "<group>"; };
		425D1DB21DA0BB3C006C89D3 /* Circleimage.swift */ = {isa = PBXFileReference; fileEncoding = 4; lastKnownFileType = sourcecode.swift; path = Circleimage.swift; sourceTree = "<group>"; };
		425D1DB41DA0C223006C89D3 /* PostCell.swift */ = {isa = PBXFileReference; fileEncoding = 4; lastKnownFileType = sourcecode.swift; path = PostCell.swift; sourceTree = "<group>"; };
		425F43F01D9F6F8F00EB6001 /* Shine.entitlements */ = {isa = PBXFileReference; lastKnownFileType = text.plist.entitlements; path = Shine.entitlements; sourceTree = "<group>"; };
		4290753B1D9DFD2F00A5A776 /* GoogleService-Info.plist */ = {isa = PBXFileReference; fileEncoding = 4; lastKnownFileType = text.plist.xml; path = "GoogleService-Info.plist"; sourceTree = SOURCE_ROOT; };
		429FFBCB1DA07CE200EBD908 /* ProfileVC.swift */ = {isa = PBXFileReference; fileEncoding = 4; lastKnownFileType = sourcecode.swift; path = ProfileVC.swift; sourceTree = "<group>"; };
		429FFBCD1DA07D0500EBD908 /* LikesVC.swift */ = {isa = PBXFileReference; fileEncoding = 4; lastKnownFileType = sourcecode.swift; path = LikesVC.swift; sourceTree = "<group>"; };
		42A3DA811DA1634000380439 /* DataService.swift */ = {isa = PBXFileReference; fileEncoding = 4; lastKnownFileType = sourcecode.swift; path = DataService.swift; sourceTree = "<group>"; };
		42A3DA841DA1939900380439 /* Post.swift */ = {isa = PBXFileReference; fileEncoding = 4; lastKnownFileType = sourcecode.swift; path = Post.swift; sourceTree = "<group>"; };
		42C5C82A1D9E9C4A00ADD21B /* MaterialButton.swift */ = {isa = PBXFileReference; fileEncoding = 4; lastKnownFileType = sourcecode.swift; path = MaterialButton.swift; sourceTree = "<group>"; };
		42C5C82C1D9E9C5A00ADD21B /* MaterialView.swift */ = {isa = PBXFileReference; fileEncoding = 4; lastKnownFileType = sourcecode.swift; path = MaterialView.swift; sourceTree = "<group>"; };
		42C5C82E1D9E9C8800ADD21B /* MaterialTextField.swift */ = {isa = PBXFileReference; fileEncoding = 4; lastKnownFileType = sourcecode.swift; path = MaterialTextField.swift; sourceTree = "<group>"; };
		42C5C8311D9E9CC900ADD21B /* Constants.swift */ = {isa = PBXFileReference; fileEncoding = 4; lastKnownFileType = sourcecode.swift; path = Constants.swift; sourceTree = "<group>"; };
		5E3E3FC7D959DDB632B9126A /* Pods-Shine.release.xcconfig */ = {isa = PBXFileReference; includeInIndex = 1; lastKnownFileType = text.xcconfig; name = "Pods-Shine.release.xcconfig"; path = "Pods/Target Support Files/Pods-Shine/Pods-Shine.release.xcconfig"; sourceTree = "<group>"; };
		F94EE397DF63237D37A4B2C0 /* Pods_ShineUITests.framework */ = {isa = PBXFileReference; explicitFileType = wrapper.framework; includeInIndex = 0; path = Pods_ShineUITests.framework; sourceTree = BUILT_PRODUCTS_DIR; };
/* End PBXFileReference section */

/* Begin PBXFrameworksBuildPhase section */
		425131061D9DF77600CAC5CF /* Frameworks */ = {
			isa = PBXFrameworksBuildPhase;
			buildActionMask = 2147483647;
			files = (
				A813BC918F4FEED3AB75DBE2 /* Pods_Shine.framework in Frameworks */,
			);
			runOnlyForDeploymentPostprocessing = 0;
		};
		4251311C1D9DF77600CAC5CF /* Frameworks */ = {
			isa = PBXFrameworksBuildPhase;
			buildActionMask = 2147483647;
			files = (
			);
			runOnlyForDeploymentPostprocessing = 0;
		};
		425131271D9DF77600CAC5CF /* Frameworks */ = {
			isa = PBXFrameworksBuildPhase;
			buildActionMask = 2147483647;
			files = (
			);
			runOnlyForDeploymentPostprocessing = 0;
		};
/* End PBXFrameworksBuildPhase section */

/* Begin PBXGroup section */
		125CF093F4AA6C206CCCBC49 /* Frameworks */ = {
			isa = PBXGroup;
			children = (
				2B7A8DAD10ED6B5833324511 /* Pods_Shine.framework */,
				40F4102751D113EA57AE8CFB /* Pods_ShineTests.framework */,
				F94EE397DF63237D37A4B2C0 /* Pods_ShineUITests.framework */,
			);
			name = Frameworks;
			sourceTree = "<group>";
		};
		4228DBCF1D9DFFE3005342F9 /* Controllers */ = {
			isa = PBXGroup;
			children = (
				4228DBCD1D9DFFBA005342F9 /* SignInVC.swift */,
				4251310E1D9DF77600CAC5CF /* HomeVC.swift */,
				429FFBCB1DA07CE200EBD908 /* ProfileVC.swift */,
				425131101D9DF77600CAC5CF /* CameraVC.swift */,
				429FFBCD1DA07D0500EBD908 /* LikesVC.swift */,
				425D1DB21DA0BB3C006C89D3 /* Circleimage.swift */,
				425D1DB41DA0C223006C89D3 /* PostCell.swift */,
			);
			name = Controllers;
			sourceTree = "<group>";
		};
		425131001D9DF77600CAC5CF = {
			isa = PBXGroup;
			children = (
				4251310B1D9DF77600CAC5CF /* Shine */,
				425131221D9DF77600CAC5CF /* ShineTests */,
				4251312D1D9DF77600CAC5CF /* ShineUITests */,
				4251310A1D9DF77600CAC5CF /* Products */,
				AA634584F1C233120C7505C0 /* Pods */,
				125CF093F4AA6C206CCCBC49 /* Frameworks */,
			);
			sourceTree = "<group>";
		};
		4251310A1D9DF77600CAC5CF /* Products */ = {
			isa = PBXGroup;
			children = (
				425131091D9DF77600CAC5CF /* Shine.app */,
				4251311F1D9DF77600CAC5CF /* ShineTests.xctest */,
				4251312A1D9DF77600CAC5CF /* ShineUITests.xctest */,
			);
			name = Products;
			sourceTree = "<group>";
		};
		4251310B1D9DF77600CAC5CF /* Shine */ = {
			isa = PBXGroup;
			children = (
				425F43F01D9F6F8F00EB6001 /* Shine.entitlements */,
				4251310C1D9DF77600CAC5CF /* AppDelegate.swift */,
				42A3DA831DA1938300380439 /* Model */,
				42A3DA801DA1632E00380439 /* Services */,
				4228DBCF1D9DFFE3005342F9 /* Controllers */,
				42C5C8301D9E9C9000ADD21B /* Material Design */,
				425131121D9DF77600CAC5CF /* Main.storyboard */,
				425131151D9DF77600CAC5CF /* Assets.xcassets */,
				425131171D9DF77600CAC5CF /* LaunchScreen.storyboard */,
				4290753B1D9DFD2F00A5A776 /* GoogleService-Info.plist */,
				4251311A1D9DF77600CAC5CF /* Info.plist */,
				425B99DC1D9F17760056B75F /* ProgressHUD.bundle */,
				425B99DD1D9F17760056B75F /* ProgressHUD.h */,
				425B99DE1D9F17760056B75F /* ProgressHUD.m */,
				425B99DB1D9F17750056B75F /* Shine-Bridging-Header.h */,
			);
			path = Shine;
			sourceTree = "<group>";
		};
		425131221D9DF77600CAC5CF /* ShineTests */ = {
			isa = PBXGroup;
			children = (
				425131231D9DF77600CAC5CF /* ShineTests.swift */,
				425131251D9DF77600CAC5CF /* Info.plist */,
			);
			path = ShineTests;
			sourceTree = "<group>";
		};
		4251312D1D9DF77600CAC5CF /* ShineUITests */ = {
			isa = PBXGroup;
			children = (
				4251312E1D9DF77600CAC5CF /* ShineUITests.swift */,
				425131301D9DF77600CAC5CF /* Info.plist */,
			);
			path = ShineUITests;
			sourceTree = "<group>";
		};
		42A3DA801DA1632E00380439 /* Services */ = {
			isa = PBXGroup;
			children = (
				42A3DA811DA1634000380439 /* DataService.swift */,
			);
			name = Services;
			sourceTree = "<group>";
		};
		42A3DA831DA1938300380439 /* Model */ = {
			isa = PBXGroup;
			children = (
				42A3DA841DA1939900380439 /* Post.swift */,
			);
			name = Model;
			sourceTree = "<group>";
		};
		42C5C8301D9E9C9000ADD21B /* Material Design */ = {
			isa = PBXGroup;
			children = (
				42C5C8311D9E9CC900ADD21B /* Constants.swift */,
				42C5C82A1D9E9C4A00ADD21B /* MaterialButton.swift */,
				42C5C82C1D9E9C5A00ADD21B /* MaterialView.swift */,
				42C5C82E1D9E9C8800ADD21B /* MaterialTextField.swift */,
			);
			name = "Material Design";
			sourceTree = "<group>";
		};
		AA634584F1C233120C7505C0 /* Pods */ = {
			isa = PBXGroup;
			children = (
				17EFD00912F94E373137DF7D /* Pods-Shine.debug.xcconfig */,
				5E3E3FC7D959DDB632B9126A /* Pods-Shine.release.xcconfig */,
			);
			name = Pods;
			sourceTree = "<group>";
		};
/* End PBXGroup section */

/* Begin PBXNativeTarget section */
		425131081D9DF77600CAC5CF /* Shine */ = {
			isa = PBXNativeTarget;
			buildConfigurationList = 425131331D9DF77600CAC5CF /* Build configuration list for PBXNativeTarget "Shine" */;
			buildPhases = (
				E1DC17DF91B43018F3E285A2 /* [CP] Check Pods Manifest.lock */,
				425131051D9DF77600CAC5CF /* Sources */,
				425131061D9DF77600CAC5CF /* Frameworks */,
				425131071D9DF77600CAC5CF /* Resources */,
				D0801785909844E37D0BE4A5 /* [CP] Embed Pods Frameworks */,
				276DF88110A0DC3B6F3469ED /* [CP] Copy Pods Resources */,
			);
			buildRules = (
			);
			dependencies = (
			);
			name = Shine;
			productName = Shine;
			productReference = 425131091D9DF77600CAC5CF /* Shine.app */;
			productType = "com.apple.product-type.application";
		};
		4251311E1D9DF77600CAC5CF /* ShineTests */ = {
			isa = PBXNativeTarget;
			buildConfigurationList = 425131361D9DF77600CAC5CF /* Build configuration list for PBXNativeTarget "ShineTests" */;
			buildPhases = (
				2213A63D465FBA05C9575DE3 /* [CP] Check Pods Manifest.lock */,
				4251311B1D9DF77600CAC5CF /* Sources */,
				4251311C1D9DF77600CAC5CF /* Frameworks */,
				4251311D1D9DF77600CAC5CF /* Resources */,
				919CA12C22C4D3680F5ABE37 /* [CP] Embed Pods Frameworks */,
				0DD89067BD4AFB86B8B577F2 /* [CP] Copy Pods Resources */,
			);
			buildRules = (
			);
			dependencies = (
				425131211D9DF77600CAC5CF /* PBXTargetDependency */,
			);
			name = ShineTests;
			productName = ShineTests;
			productReference = 4251311F1D9DF77600CAC5CF /* ShineTests.xctest */;
			productType = "com.apple.product-type.bundle.unit-test";
		};
		425131291D9DF77600CAC5CF /* ShineUITests */ = {
			isa = PBXNativeTarget;
			buildConfigurationList = 425131391D9DF77600CAC5CF /* Build configuration list for PBXNativeTarget "ShineUITests" */;
			buildPhases = (
				7EBB73A30768AF52996779DE /* [CP] Check Pods Manifest.lock */,
				425131261D9DF77600CAC5CF /* Sources */,
				425131271D9DF77600CAC5CF /* Frameworks */,
				425131281D9DF77600CAC5CF /* Resources */,
				3DBD253A256D924C095CD555 /* [CP] Copy Pods Resources */,
			);
			buildRules = (
			);
			dependencies = (
				4251312C1D9DF77600CAC5CF /* PBXTargetDependency */,
			);
			name = ShineUITests;
			productName = ShineUITests;
			productReference = 4251312A1D9DF77600CAC5CF /* ShineUITests.xctest */;
			productType = "com.apple.product-type.bundle.ui-testing";
		};
/* End PBXNativeTarget section */

/* Begin PBXProject section */
		425131011D9DF77600CAC5CF /* Project object */ = {
			isa = PBXProject;
			attributes = {
				LastSwiftUpdateCheck = 0800;
				LastUpgradeCheck = 0800;
				ORGANIZATIONNAME = Kiddos;
				TargetAttributes = {
					425131081D9DF77600CAC5CF = {
						CreatedOnToolsVersion = 8.0;
						DevelopmentTeam = 565DE2Z895;
						LastSwiftMigration = 0800;
						ProvisioningStyle = Automatic;
						SystemCapabilities = {
							com.apple.Keychain = {
								enabled = 1;
							};
						};
					};
					4251311E1D9DF77600CAC5CF = {
						CreatedOnToolsVersion = 8.0;
						LastSwiftMigration = 0800;
						ProvisioningStyle = Automatic;
						TestTargetID = 425131081D9DF77600CAC5CF;
					};
					425131291D9DF77600CAC5CF = {
						CreatedOnToolsVersion = 8.0;
						LastSwiftMigration = 0800;
						ProvisioningStyle = Automatic;
						TestTargetID = 425131081D9DF77600CAC5CF;
					};
				};
			};
			buildConfigurationList = 425131041D9DF77600CAC5CF /* Build configuration list for PBXProject "Shine" */;
			compatibilityVersion = "Xcode 3.2";
			developmentRegion = English;
			hasScannedForEncodings = 0;
			knownRegions = (
				en,
				Base,
			);
			mainGroup = 425131001D9DF77600CAC5CF;
			productRefGroup = 4251310A1D9DF77600CAC5CF /* Products */;
			projectDirPath = "";
			projectRoot = "";
			targets = (
				425131081D9DF77600CAC5CF /* Shine */,
				4251311E1D9DF77600CAC5CF /* ShineTests */,
				425131291D9DF77600CAC5CF /* ShineUITests */,
			);
		};
/* End PBXProject section */

/* Begin PBXResourcesBuildPhase section */
		425131071D9DF77600CAC5CF /* Resources */ = {
			isa = PBXResourcesBuildPhase;
			buildActionMask = 2147483647;
			files = (
				425131191D9DF77600CAC5CF /* LaunchScreen.storyboard in Resources */,
				4290753C1D9DFD2F00A5A776 /* GoogleService-Info.plist in Resources */,
				425131161D9DF77600CAC5CF /* Assets.xcassets in Resources */,
				425B99DF1D9F17760056B75F /* ProgressHUD.bundle in Resources */,
				425131141D9DF77600CAC5CF /* Main.storyboard in Resources */,
			);
			runOnlyForDeploymentPostprocessing = 0;
		};
		4251311D1D9DF77600CAC5CF /* Resources */ = {
			isa = PBXResourcesBuildPhase;
			buildActionMask = 2147483647;
			files = (
			);
			runOnlyForDeploymentPostprocessing = 0;
		};
		425131281D9DF77600CAC5CF /* Resources */ = {
			isa = PBXResourcesBuildPhase;
			buildActionMask = 2147483647;
			files = (
			);
			runOnlyForDeploymentPostprocessing = 0;
		};
/* End PBXResourcesBuildPhase section */

/* Begin PBXShellScriptBuildPhase section */
		0DD89067BD4AFB86B8B577F2 /* [CP] Copy Pods Resources */ = {
			isa = PBXShellScriptBuildPhase;
			buildActionMask = 2147483647;
			files = (
			);
			inputPaths = (
			);
			name = "[CP] Copy Pods Resources";
			outputPaths = (
			);
			runOnlyForDeploymentPostprocessing = 0;
			shellPath = /bin/sh;
			shellScript = "\"${SRCROOT}/Pods/Target Support Files/Pods-ShineTests/Pods-ShineTests-resources.sh\"\n";
			showEnvVarsInLog = 0;
		};
		2213A63D465FBA05C9575DE3 /* [CP] Check Pods Manifest.lock */ = {
			isa = PBXShellScriptBuildPhase;
			buildActionMask = 2147483647;
			files = (
			);
			inputPaths = (
			);
			name = "[CP] Check Pods Manifest.lock";
			outputPaths = (
			);
			runOnlyForDeploymentPostprocessing = 0;
			shellPath = /bin/sh;
			shellScript = "diff \"${PODS_ROOT}/../Podfile.lock\" \"${PODS_ROOT}/Manifest.lock\" > /dev/null\nif [[ $? != 0 ]] ; then\n    cat << EOM\nerror: The sandbox is not in sync with the Podfile.lock. Run 'pod install' or update your CocoaPods installation.\nEOM\n    exit 1\nfi\n";
			showEnvVarsInLog = 0;
		};
		276DF88110A0DC3B6F3469ED /* [CP] Copy Pods Resources */ = {
			isa = PBXShellScriptBuildPhase;
			buildActionMask = 2147483647;
			files = (
			);
			inputPaths = (
			);
			name = "[CP] Copy Pods Resources";
			outputPaths = (
			);
			runOnlyForDeploymentPostprocessing = 0;
			shellPath = /bin/sh;
			shellScript = "\"${SRCROOT}/Pods/Target Support Files/Pods-Shine/Pods-Shine-resources.sh\"\n";
			showEnvVarsInLog = 0;
		};
		3DBD253A256D924C095CD555 /* [CP] Copy Pods Resources */ = {
			isa = PBXShellScriptBuildPhase;
			buildActionMask = 2147483647;
			files = (
			);
			inputPaths = (
			);
			name = "[CP] Copy Pods Resources";
			outputPaths = (
			);
			runOnlyForDeploymentPostprocessing = 0;
			shellPath = /bin/sh;
			shellScript = "\"${SRCROOT}/Pods/Target Support Files/Pods-ShineUITests/Pods-ShineUITests-resources.sh\"\n";
			showEnvVarsInLog = 0;
		};
		7EBB73A30768AF52996779DE /* [CP] Check Pods Manifest.lock */ = {
			isa = PBXShellScriptBuildPhase;
			buildActionMask = 2147483647;
			files = (
			);
			inputPaths = (
			);
			name = "[CP] Check Pods Manifest.lock";
			outputPaths = (
			);
			runOnlyForDeploymentPostprocessing = 0;
			shellPath = /bin/sh;
			shellScript = "diff \"${PODS_ROOT}/../Podfile.lock\" \"${PODS_ROOT}/Manifest.lock\" > /dev/null\nif [[ $? != 0 ]] ; then\n    cat << EOM\nerror: The sandbox is not in sync with the Podfile.lock. Run 'pod install' or update your CocoaPods installation.\nEOM\n    exit 1\nfi\n";
			showEnvVarsInLog = 0;
		};
		919CA12C22C4D3680F5ABE37 /* [CP] Embed Pods Frameworks */ = {
			isa = PBXShellScriptBuildPhase;
			buildActionMask = 2147483647;
			files = (
			);
			inputPaths = (
			);
			name = "[CP] Embed Pods Frameworks";
			outputPaths = (
			);
			runOnlyForDeploymentPostprocessing = 0;
			shellPath = /bin/sh;
			shellScript = "\"${SRCROOT}/Pods/Target Support Files/Pods-ShineTests/Pods-ShineTests-frameworks.sh\"\n";
			showEnvVarsInLog = 0;
		};
		D0801785909844E37D0BE4A5 /* [CP] Embed Pods Frameworks */ = {
			isa = PBXShellScriptBuildPhase;
			buildActionMask = 2147483647;
			files = (
			);
			inputPaths = (
			);
			name = "[CP] Embed Pods Frameworks";
			outputPaths = (
			);
			runOnlyForDeploymentPostprocessing = 0;
			shellPath = /bin/sh;
			shellScript = "\"${SRCROOT}/Pods/Target Support Files/Pods-Shine/Pods-Shine-frameworks.sh\"\n";
			showEnvVarsInLog = 0;
		};
		E1DC17DF91B43018F3E285A2 /* [CP] Check Pods Manifest.lock */ = {
			isa = PBXShellScriptBuildPhase;
			buildActionMask = 2147483647;
			files = (
			);
			inputPaths = (
			);
			name = "[CP] Check Pods Manifest.lock";
			outputPaths = (
			);
			runOnlyForDeploymentPostprocessing = 0;
			shellPath = /bin/sh;
			shellScript = "diff \"${PODS_ROOT}/../Podfile.lock\" \"${PODS_ROOT}/Manifest.lock\" > /dev/null\nif [[ $? != 0 ]] ; then\n    cat << EOM\nerror: The sandbox is not in sync with the Podfile.lock. Run 'pod install' or update your CocoaPods installation.\nEOM\n    exit 1\nfi\n";
			showEnvVarsInLog = 0;
		};
/* End PBXShellScriptBuildPhase section */

/* Begin PBXSourcesBuildPhase section */
		425131051D9DF77600CAC5CF /* Sources */ = {
			isa = PBXSourcesBuildPhase;
			buildActionMask = 2147483647;
			files = (
				429FFBCC1DA07CE200EBD908 /* ProfileVC.swift in Sources */,
				42A3DA821DA1634000380439 /* DataService.swift in Sources */,
				429FFBCE1DA07D0500EBD908 /* LikesVC.swift in Sources */,
				425D1DB51DA0C223006C89D3 /* PostCell.swift in Sources */,
				425B99E01D9F17760056B75F /* ProgressHUD.m in Sources */,
				425131111D9DF77600CAC5CF /* CameraVC.swift in Sources */,
				4251310D1D9DF77600CAC5CF /* AppDelegate.swift in Sources */,
				425D1DB31DA0BB3C006C89D3 /* Circleimage.swift in Sources */,
				4228DBCE1D9DFFBA005342F9 /* SignInVC.swift in Sources */,
				42A3DA851DA1939900380439 /* Post.swift in Sources */,
				42C5C82D1D9E9C5A00ADD21B /* MaterialView.swift in Sources */,
				4251310F1D9DF77600CAC5CF /* HomeVC.swift in Sources */,
				42C5C82B1D9E9C4A00ADD21B /* MaterialButton.swift in Sources */,
				42C5C82F1D9E9C8800ADD21B /* MaterialTextField.swift in Sources */,
				42C5C8321D9E9CC900ADD21B /* Constants.swift in Sources */,
			);
			runOnlyForDeploymentPostprocessing = 0;
		};
		4251311B1D9DF77600CAC5CF /* Sources */ = {
			isa = PBXSourcesBuildPhase;
			buildActionMask = 2147483647;
			files = (
				425131241D9DF77600CAC5CF /* ShineTests.swift in Sources */,
			);
			runOnlyForDeploymentPostprocessing = 0;
		};
		425131261D9DF77600CAC5CF /* Sources */ = {
			isa = PBXSourcesBuildPhase;
			buildActionMask = 2147483647;
			files = (
				4251312F1D9DF77600CAC5CF /* ShineUITests.swift in Sources */,
			);
			runOnlyForDeploymentPostprocessing = 0;
		};
/* End PBXSourcesBuildPhase section */

/* Begin PBXTargetDependency section */
		425131211D9DF77600CAC5CF /* PBXTargetDependency */ = {
			isa = PBXTargetDependency;
			target = 425131081D9DF77600CAC5CF /* Shine */;
			targetProxy = 425131201D9DF77600CAC5CF /* PBXContainerItemProxy */;
		};
		4251312C1D9DF77600CAC5CF /* PBXTargetDependency */ = {
			isa = PBXTargetDependency;
			target = 425131081D9DF77600CAC5CF /* Shine */;
			targetProxy = 4251312B1D9DF77600CAC5CF /* PBXContainerItemProxy */;
		};
/* End PBXTargetDependency section */

/* Begin PBXVariantGroup section */
		425131121D9DF77600CAC5CF /* Main.storyboard */ = {
			isa = PBXVariantGroup;
			children = (
				425131131D9DF77600CAC5CF /* Base */,
			);
			name = Main.storyboard;
			sourceTree = "<group>";
		};
		425131171D9DF77600CAC5CF /* LaunchScreen.storyboard */ = {
			isa = PBXVariantGroup;
			children = (
				425131181D9DF77600CAC5CF /* Base */,
			);
			name = LaunchScreen.storyboard;
			sourceTree = "<group>";
		};
/* End PBXVariantGroup section */

/* Begin XCBuildConfiguration section */
		425131311D9DF77600CAC5CF /* Debug */ = {
			isa = XCBuildConfiguration;
			buildSettings = {
				ALWAYS_SEARCH_USER_PATHS = NO;
				CLANG_ANALYZER_NONNULL = YES;
				CLANG_CXX_LANGUAGE_STANDARD = "gnu++0x";
				CLANG_CXX_LIBRARY = "libc++";
				CLANG_ENABLE_MODULES = YES;
				CLANG_ENABLE_OBJC_ARC = YES;
				CLANG_WARN_BOOL_CONVERSION = YES;
				CLANG_WARN_CONSTANT_CONVERSION = YES;
				CLANG_WARN_DIRECT_OBJC_ISA_USAGE = YES_ERROR;
				CLANG_WARN_DOCUMENTATION_COMMENTS = YES;
				CLANG_WARN_EMPTY_BODY = YES;
				CLANG_WARN_ENUM_CONVERSION = YES;
				CLANG_WARN_INFINITE_RECURSION = YES;
				CLANG_WARN_INT_CONVERSION = YES;
				CLANG_WARN_OBJC_ROOT_CLASS = YES_ERROR;
				CLANG_WARN_SUSPICIOUS_MOVE = YES;
				CLANG_WARN_SUSPICIOUS_MOVES = YES;
				CLANG_WARN_UNREACHABLE_CODE = YES;
				CLANG_WARN__DUPLICATE_METHOD_MATCH = YES;
				"CODE_SIGN_IDENTITY[sdk=iphoneos*]" = "iPhone Developer";
				COPY_PHASE_STRIP = NO;
				DEBUG_INFORMATION_FORMAT = dwarf;
				ENABLE_STRICT_OBJC_MSGSEND = YES;
				ENABLE_TESTABILITY = YES;
				GCC_C_LANGUAGE_STANDARD = gnu99;
				GCC_DYNAMIC_NO_PIC = NO;
				GCC_NO_COMMON_BLOCKS = YES;
				GCC_OPTIMIZATION_LEVEL = 0;
				GCC_PREPROCESSOR_DEFINITIONS = (
					"DEBUG=1",
					"$(inherited)",
				);
				GCC_WARN_64_TO_32_BIT_CONVERSION = YES;
				GCC_WARN_ABOUT_RETURN_TYPE = YES_ERROR;
				GCC_WARN_UNDECLARED_SELECTOR = YES;
				GCC_WARN_UNINITIALIZED_AUTOS = YES_AGGRESSIVE;
				GCC_WARN_UNUSED_FUNCTION = YES;
				GCC_WARN_UNUSED_VARIABLE = YES;
				IPHONEOS_DEPLOYMENT_TARGET = 10.0;
				MTL_ENABLE_DEBUG_INFO = YES;
				ONLY_ACTIVE_ARCH = YES;
				SDKROOT = iphoneos;
				SWIFT_ACTIVE_COMPILATION_CONDITIONS = DEBUG;
				SWIFT_OPTIMIZATION_LEVEL = "-Onone";
				TARGETED_DEVICE_FAMILY = "1,2";
			};
			name = Debug;
		};
		425131321D9DF77600CAC5CF /* Release */ = {
			isa = XCBuildConfiguration;
			buildSettings = {
				ALWAYS_SEARCH_USER_PATHS = NO;
				CLANG_ANALYZER_NONNULL = YES;
				CLANG_CXX_LANGUAGE_STANDARD = "gnu++0x";
				CLANG_CXX_LIBRARY = "libc++";
				CLANG_ENABLE_MODULES = YES;
				CLANG_ENABLE_OBJC_ARC = YES;
				CLANG_WARN_BOOL_CONVERSION = YES;
				CLANG_WARN_CONSTANT_CONVERSION = YES;
				CLANG_WARN_DIRECT_OBJC_ISA_USAGE = YES_ERROR;
				CLANG_WARN_DOCUMENTATION_COMMENTS = YES;
				CLANG_WARN_EMPTY_BODY = YES;
				CLANG_WARN_ENUM_CONVERSION = YES;
				CLANG_WARN_INFINITE_RECURSION = YES;
				CLANG_WARN_INT_CONVERSION = YES;
				CLANG_WARN_OBJC_ROOT_CLASS = YES_ERROR;
				CLANG_WARN_SUSPICIOUS_MOVE = YES;
				CLANG_WARN_SUSPICIOUS_MOVES = YES;
				CLANG_WARN_UNREACHABLE_CODE = YES;
				CLANG_WARN__DUPLICATE_METHOD_MATCH = YES;
				"CODE_SIGN_IDENTITY[sdk=iphoneos*]" = "iPhone Developer";
				COPY_PHASE_STRIP = NO;
				DEBUG_INFORMATION_FORMAT = "dwarf-with-dsym";
				ENABLE_NS_ASSERTIONS = NO;
				ENABLE_STRICT_OBJC_MSGSEND = YES;
				GCC_C_LANGUAGE_STANDARD = gnu99;
				GCC_NO_COMMON_BLOCKS = YES;
				GCC_WARN_64_TO_32_BIT_CONVERSION = YES;
				GCC_WARN_ABOUT_RETURN_TYPE = YES_ERROR;
				GCC_WARN_UNDECLARED_SELECTOR = YES;
				GCC_WARN_UNINITIALIZED_AUTOS = YES_AGGRESSIVE;
				GCC_WARN_UNUSED_FUNCTION = YES;
				GCC_WARN_UNUSED_VARIABLE = YES;
				IPHONEOS_DEPLOYMENT_TARGET = 10.0;
				MTL_ENABLE_DEBUG_INFO = NO;
				SDKROOT = iphoneos;
				SWIFT_OPTIMIZATION_LEVEL = "-Owholemodule";
				TARGETED_DEVICE_FAMILY = "1,2";
				VALIDATE_PRODUCT = YES;
			};
			name = Release;
		};
		425131341D9DF77600CAC5CF /* Debug */ = {
			isa = XCBuildConfiguration;
			baseConfigurationReference = 17EFD00912F94E373137DF7D /* Pods-Shine.debug.xcconfig */;
			buildSettings = {
				ALWAYS_EMBED_SWIFT_STANDARD_LIBRARIES = YES;
				ASSETCATALOG_COMPILER_APPICON_NAME = AppIcon;
				CLANG_ENABLE_MODULES = YES;
				CODE_SIGN_ENTITLEMENTS = Shine/Shine.entitlements;
				DEVELOPMENT_TEAM = 565DE2Z895;
				INFOPLIST_FILE = Shine/Info.plist;
				LD_RUNPATH_SEARCH_PATHS = "$(inherited) @executable_path/Frameworks";
				PRODUCT_BUNDLE_IDENTIFIER = com.kouder.Shine;
				PRODUCT_NAME = "$(TARGET_NAME)";
				SWIFT_OBJC_BRIDGING_HEADER = "Shine/Shine-Bridging-Header.h";
				SWIFT_OPTIMIZATION_LEVEL = "-Onone";
				SWIFT_VERSION = 3.0;
			};
			name = Debug;
		};
		425131351D9DF77600CAC5CF /* Release */ = {
			isa = XCBuildConfiguration;
			baseConfigurationReference = 5E3E3FC7D959DDB632B9126A /* Pods-Shine.release.xcconfig */;
			buildSettings = {
				ALWAYS_EMBED_SWIFT_STANDARD_LIBRARIES = YES;
				ASSETCATALOG_COMPILER_APPICON_NAME = AppIcon;
				CLANG_ENABLE_MODULES = YES;
				CODE_SIGN_ENTITLEMENTS = Shine/Shine.entitlements;
				DEVELOPMENT_TEAM = 565DE2Z895;
				INFOPLIST_FILE = Shine/Info.plist;
				LD_RUNPATH_SEARCH_PATHS = "$(inherited) @executable_path/Frameworks";
				PRODUCT_BUNDLE_IDENTIFIER = com.kouder.Shine;
				PRODUCT_NAME = "$(TARGET_NAME)";
				SWIFT_OBJC_BRIDGING_HEADER = "Shine/Shine-Bridging-Header.h";
				SWIFT_VERSION = 3.0;
			};
			name = Release;
		};
		425131371D9DF77600CAC5CF /* Debug */ = {
			isa = XCBuildConfiguration;
			buildSettings = {
				ALWAYS_EMBED_SWIFT_STANDARD_LIBRARIES = YES;
				BUNDLE_LOADER = "$(TEST_HOST)";
				INFOPLIST_FILE = ShineTests/Info.plist;
				LD_RUNPATH_SEARCH_PATHS = "$(inherited) @executable_path/Frameworks @loader_path/Frameworks";
				PRODUCT_BUNDLE_IDENTIFIER = com.kouder.ShineTests;
				PRODUCT_NAME = "$(TARGET_NAME)";
				SWIFT_VERSION = 3.0;
				TEST_HOST = "$(BUILT_PRODUCTS_DIR)/Shine.app/Shine";
			};
			name = Debug;
		};
		425131381D9DF77600CAC5CF /* Release */ = {
			isa = XCBuildConfiguration;
			buildSettings = {
				ALWAYS_EMBED_SWIFT_STANDARD_LIBRARIES = YES;
				BUNDLE_LOADER = "$(TEST_HOST)";
				INFOPLIST_FILE = ShineTests/Info.plist;
				LD_RUNPATH_SEARCH_PATHS = "$(inherited) @executable_path/Frameworks @loader_path/Frameworks";
				PRODUCT_BUNDLE_IDENTIFIER = com.kouder.ShineTests;
				PRODUCT_NAME = "$(TARGET_NAME)";
				SWIFT_VERSION = 3.0;
				TEST_HOST = "$(BUILT_PRODUCTS_DIR)/Shine.app/Shine";
			};
			name = Release;
		};
		4251313A1D9DF77600CAC5CF /* Debug */ = {
			isa = XCBuildConfiguration;
			buildSettings = {
				ALWAYS_EMBED_SWIFT_STANDARD_LIBRARIES = YES;
				INFOPLIST_FILE = ShineUITests/Info.plist;
				LD_RUNPATH_SEARCH_PATHS = "$(inherited) @executable_path/Frameworks @loader_path/Frameworks";
				PRODUCT_BUNDLE_IDENTIFIER = com.kouder.ShineUITests;
				PRODUCT_NAME = "$(TARGET_NAME)";
				SWIFT_VERSION = 3.0;
				TEST_TARGET_NAME = Shine;
			};
			name = Debug;
		};
		4251313B1D9DF77600CAC5CF /* Release */ = {
			isa = XCBuildConfiguration;
			buildSettings = {
				ALWAYS_EMBED_SWIFT_STANDARD_LIBRARIES = YES;
				INFOPLIST_FILE = ShineUITests/Info.plist;
				LD_RUNPATH_SEARCH_PATHS = "$(inherited) @executable_path/Frameworks @loader_path/Frameworks";
				PRODUCT_BUNDLE_IDENTIFIER = com.kouder.ShineUITests;
				PRODUCT_NAME = "$(TARGET_NAME)";
				SWIFT_VERSION = 3.0;
				TEST_TARGET_NAME = Shine;
			};
			name = Release;
		};
/* End XCBuildConfiguration section */

/* Begin XCConfigurationList section */
		425131041D9DF77600CAC5CF /* Build configuration list for PBXProject "Shine" */ = {
			isa = XCConfigurationList;
			buildConfigurations = (
				425131311D9DF77600CAC5CF /* Debug */,
				425131321D9DF77600CAC5CF /* Release */,
			);
			defaultConfigurationIsVisible = 0;
			defaultConfigurationName = Release;
		};
		425131331D9DF77600CAC5CF /* Build configuration list for PBXNativeTarget "Shine" */ = {
			isa = XCConfigurationList;
			buildConfigurations = (
				425131341D9DF77600CAC5CF /* Debug */,
				425131351D9DF77600CAC5CF /* Release */,
			);
			defaultConfigurationIsVisible = 0;
			defaultConfigurationName = Release;
		};
		425131361D9DF77600CAC5CF /* Build configuration list for PBXNativeTarget "ShineTests" */ = {
			isa = XCConfigurationList;
			buildConfigurations = (
				425131371D9DF77600CAC5CF /* Debug */,
				425131381D9DF77600CAC5CF /* Release */,
			);
			defaultConfigurationIsVisible = 0;
			defaultConfigurationName = Release;
		};
		425131391D9DF77600CAC5CF /* Build configuration list for PBXNativeTarget "ShineUITests" */ = {
			isa = XCConfigurationList;
			buildConfigurations = (
				4251313A1D9DF77600CAC5CF /* Debug */,
				4251313B1D9DF77600CAC5CF /* Release */,
			);
			defaultConfigurationIsVisible = 0;
			defaultConfigurationName = Release;
		};
/* End XCConfigurationList section */
	};
	rootObject = 425131011D9DF77600CAC5CF /* Project object */;
}
